// !$*UTF8*$!
{
	archiveVersion = 1;
	classes = {
	};
	objectVersion = 46;
	objects = {

/* Begin PBXBuildFile section */
		345189201E498FFF00E50634 /* main.m in Sources */ = {isa = PBXBuildFile; fileRef = 3451891F1E498FFF00E50634 /* main.m */; };
		345189231E498FFF00E50634 /* AppDelegate.m in Sources */ = {isa = PBXBuildFile; fileRef = 345189221E498FFF00E50634 /* AppDelegate.m */; };
		345189291E498FFF00E50634 /* Main.storyboard in Resources */ = {isa = PBXBuildFile; fileRef = 345189271E498FFF00E50634 /* Main.storyboard */; };
		3451892B1E498FFF00E50634 /* Assets.xcassets in Resources */ = {isa = PBXBuildFile; fileRef = 3451892A1E498FFF00E50634 /* Assets.xcassets */; };
		3451892E1E498FFF00E50634 /* LaunchScreen.storyboard in Resources */ = {isa = PBXBuildFile; fileRef = 3451892C1E498FFF00E50634 /* LaunchScreen.storyboard */; };
		345189371E49905C00E50634 /* navigationController.m in Sources */ = {isa = PBXBuildFile; fileRef = 345189361E49905C00E50634 /* navigationController.m */; };
		3451893A1E4990C800E50634 /* hasNavBarViewController.m in Sources */ = {isa = PBXBuildFile; fileRef = 345189391E4990C800E50634 /* hasNavBarViewController.m */; };
		3451893D1E4990D500E50634 /* hasNotNavBarViewController.m in Sources */ = {isa = PBXBuildFile; fileRef = 3451893C1E4990D500E50634 /* hasNotNavBarViewController.m */; };
		345189411E499E1E00E50634 /* nextViewController.m in Sources */ = {isa = PBXBuildFile; fileRef = 345189401E499E1E00E50634 /* nextViewController.m */; };
		345189451E49BF3600E50634 /* UIViewController+statusBarStyle.m in Sources */ = {isa = PBXBuildFile; fileRef = 345189441E49BF3600E50634 /* UIViewController+statusBarStyle.m */; };
/* End PBXBuildFile section */

/* Begin PBXFileReference section */
		3451891B1E498FFF00E50634 /* test_preferredStatusBarStyle.app */ = {isa = PBXFileReference; explicitFileType = wrapper.application; includeInIndex = 0; path = test_preferredStatusBarStyle.app; sourceTree = BUILT_PRODUCTS_DIR; };
		3451891F1E498FFF00E50634 /* main.m */ = {isa = PBXFileReference; lastKnownFileType = sourcecode.c.objc; path = main.m; sourceTree = "<group>"; };
		345189211E498FFF00E50634 /* AppDelegate.h */ = {isa = PBXFileReference; lastKnownFileType = sourcecode.c.h; path = AppDelegate.h; sourceTree = "<group>"; };
		345189221E498FFF00E50634 /* AppDelegate.m */ = {isa = PBXFileReference; lastKnownFileType = sourcecode.c.objc; path = AppDelegate.m; sourceTree = "<group>"; };
		345189281E498FFF00E50634 /* Base */ = {isa = PBXFileReference; lastKnownFileType = file.storyboard; name = Base; path = Base.lproj/Main.storyboard; sourceTree = "<group>"; };
		3451892A1E498FFF00E50634 /* Assets.xcassets */ = {isa = PBXFileReference; lastKnownFileType = folder.assetcatalog; path = Assets.xcassets; sourceTree = "<group>"; };
		3451892D1E498FFF00E50634 /* Base */ = {isa = PBXFileReference; lastKnownFileType = file.storyboard; name = Base; path = Base.lproj/LaunchScreen.storyboard; sourceTree = "<group>"; };
		3451892F1E498FFF00E50634 /* Info.plist */ = {isa = PBXFileReference; lastKnownFileType = text.plist.xml; path = Info.plist; sourceTree = "<group>"; };
		345189351E49905C00E50634 /* navigationController.h */ = {isa = PBXFileReference; fileEncoding = 4; lastKnownFileType = sourcecode.c.h; path = navigationController.h; sourceTree = "<group>"; };
		345189361E49905C00E50634 /* navigationController.m */ = {isa = PBXFileReference; fileEncoding = 4; lastKnownFileType = sourcecode.c.objc; path = navigationController.m; sourceTree = "<group>"; };
		345189381E4990C800E50634 /* hasNavBarViewController.h */ = {isa = PBXFileReference; fileEncoding = 4; lastKnownFileType = sourcecode.c.h; path = hasNavBarViewController.h; sourceTree = "<group>"; };
		345189391E4990C800E50634 /* hasNavBarViewController.m */ = {isa = PBXFileReference; fileEncoding = 4; lastKnownFileType = sourcecode.c.objc; path = hasNavBarViewController.m; sourceTree = "<group>"; };
		3451893B1E4990D500E50634 /* hasNotNavBarViewController.h */ = {isa = PBXFileReference; fileEncoding = 4; lastKnownFileType = sourcecode.c.h; path = hasNotNavBarViewController.h; sourceTree = "<group>"; };
		3451893C1E4990D500E50634 /* hasNotNavBarViewController.m */ = {isa = PBXFileReference; fileEncoding = 4; lastKnownFileType = sourcecode.c.objc; path = hasNotNavBarViewController.m; sourceTree = "<group>"; };
		3451893F1E499E1E00E50634 /* nextViewController.h */ = {isa = PBXFileReference; fileEncoding = 4; lastKnownFileType = sourcecode.c.h; path = nextViewController.h; sourceTree = "<group>"; };
		345189401E499E1E00E50634 /* nextViewController.m */ = {isa = PBXFileReference; fileEncoding = 4; lastKnownFileType = sourcecode.c.objc; path = nextViewController.m; sourceTree = "<group>"; };
		345189431E49BF3600E50634 /* UIViewController+statusBarStyle.h */ = {isa = PBXFileReference; fileEncoding = 4; lastKnownFileType = sourcecode.c.h; path = "UIViewController+statusBarStyle.h"; sourceTree = "<group>"; };
		345189441E49BF3600E50634 /* UIViewController+statusBarStyle.m */ = {isa = PBXFileReference; fileEncoding = 4; lastKnownFileType = sourcecode.c.objc; path = "UIViewController+statusBarStyle.m"; sourceTree = "<group>"; };
/* End PBXFileReference section */

/* Begin PBXFrameworksBuildPhase section */
		345189181E498FFF00E50634 /* Frameworks */ = {
			isa = PBXFrameworksBuildPhase;
			buildActionMask = 2147483647;
			files = (
			);
			runOnlyForDeploymentPostprocessing = 0;
		};
/* End PBXFrameworksBuildPhase section */

/* Begin PBXGroup section */
		345189121E498FFF00E50634 = {
			isa = PBXGroup;
			children = (
				3451891D1E498FFF00E50634 /* test_preferredStatusBarStyle */,
				3451891C1E498FFF00E50634 /* Products */,
			);
			sourceTree = "<group>";
		};
		3451891C1E498FFF00E50634 /* Products */ = {
			isa = PBXGroup;
			children = (
				3451891B1E498FFF00E50634 /* test_preferredStatusBarStyle.app */,
			);
			name = Products;
			sourceTree = "<group>";
		};
		3451891D1E498FFF00E50634 /* test_preferredStatusBarStyle */ = {
			isa = PBXGroup;
			children = (
				345189421E49BF1100E50634 /* runtime */,
				3451893E1E49935700E50634 /* Controller */,
				345189271E498FFF00E50634 /* Main.storyboard */,
				3451892A1E498FFF00E50634 /* Assets.xcassets */,
				3451892C1E498FFF00E50634 /* LaunchScreen.storyboard */,
				3451892F1E498FFF00E50634 /* Info.plist */,
				345189211E498FFF00E50634 /* AppDelegate.h */,
				345189221E498FFF00E50634 /* AppDelegate.m */,
				3451891E1E498FFF00E50634 /* Supporting Files */,
			);
			path = test_preferredStatusBarStyle;
			sourceTree = "<group>";
		};
		3451891E1E498FFF00E50634 /* Supporting Files */ = {
			isa = PBXGroup;
			children = (
				3451891F1E498FFF00E50634 /* main.m */,
			);
			name = "Supporting Files";
			sourceTree = "<group>";
		};
		3451893E1E49935700E50634 /* Controller */ = {
			isa = PBXGroup;
			children = (
				345189351E49905C00E50634 /* navigationController.h */,
				345189361E49905C00E50634 /* navigationController.m */,
				345189381E4990C800E50634 /* hasNavBarViewController.h */,
				345189391E4990C800E50634 /* hasNavBarViewController.m */,
				3451893B1E4990D500E50634 /* hasNotNavBarViewController.h */,
				3451893C1E4990D500E50634 /* hasNotNavBarViewController.m */,
				3451893F1E499E1E00E50634 /* nextViewController.h */,
				345189401E499E1E00E50634 /* nextViewController.m */,
			);
			name = Controller;
			sourceTree = "<group>";
		};
		345189421E49BF1100E50634 /* runtime */ = {
			isa = PBXGroup;
			children = (
				345189431E49BF3600E50634 /* UIViewController+statusBarStyle.h */,
				345189441E49BF3600E50634 /* UIViewController+statusBarStyle.m */,
			);
			name = runtime;
			sourceTree = "<group>";
		};
/* End PBXGroup section */

/* Begin PBXNativeTarget section */
		3451891A1E498FFF00E50634 /* test_preferredStatusBarStyle */ = {
			isa = PBXNativeTarget;
			buildConfigurationList = 345189321E498FFF00E50634 /* Build configuration list for PBXNativeTarget "test_preferredStatusBarStyle" */;
			buildPhases = (
				345189171E498FFF00E50634 /* Sources */,
				345189181E498FFF00E50634 /* Frameworks */,
				345189191E498FFF00E50634 /* Resources */,
			);
			buildRules = (
			);
			dependencies = (
			);
			name = test_preferredStatusBarStyle;
			productName = test_preferredStatusBarStyle;
			productReference = 3451891B1E498FFF00E50634 /* test_preferredStatusBarStyle.app */;
			productType = "com.apple.product-type.application";
		};
/* End PBXNativeTarget section */

/* Begin PBXProject section */
		345189131E498FFF00E50634 /* Project object */ = {
			isa = PBXProject;
			attributes = {
				LastUpgradeCheck = 0820;
				ORGANIZATIONNAME = YoloMao;
				TargetAttributes = {
					3451891A1E498FFF00E50634 = {
						CreatedOnToolsVersion = 8.2.1;
						ProvisioningStyle = Automatic;
					};
				};
			};
			buildConfigurationList = 345189161E498FFF00E50634 /* Build configuration list for PBXProject "test_preferredStatusBarStyle" */;
			compatibilityVersion = "Xcode 3.2";
			developmentRegion = English;
			hasScannedForEncodings = 0;
			knownRegions = (
				en,
				Base,
			);
			mainGroup = 345189121E498FFF00E50634;
			productRefGroup = 3451891C1E498FFF00E50634 /* Products */;
			projectDirPath = "";
			projectRoot = "";
			targets = (
				3451891A1E498FFF00E50634 /* test_preferredStatusBarStyle */,
			);
		};
/* End PBXProject section */

/* Begin PBXResourcesBuildPhase section */
		345189191E498FFF00E50634 /* Resources */ = {
			isa = PBXResourcesBuildPhase;
			buildActionMask = 2147483647;
			files = (
				3451892E1E498FFF00E50634 /* LaunchScreen.storyboard in Resources */,
				3451892B1E498FFF00E50634 /* Assets.xcassets in Resources */,
				345189291E498FFF00E50634 /* Main.storyboard in Resources */,
			);
			runOnlyForDeploymentPostprocessing = 0;
		};
/* End PBXResourcesBuildPhase section */

/* Begin PBXSourcesBuildPhase section */
		345189171E498FFF00E50634 /* Sources */ = {
			isa = PBXSourcesBuildPhase;
			buildActionMask = 2147483647;
			files = (
				3451893A1E4990C800E50634 /* hasNavBarViewController.m in Sources */,
				345189371E49905C00E50634 /* navigationController.m in Sources */,
				345189231E498FFF00E50634 /* AppDelegate.m in Sources */,
				345189411E499E1E00E50634 /* nextViewController.m in Sources */,
				345189451E49BF3600E50634 /* UIViewController+statusBarStyle.m in Sources */,
				345189201E498FFF00E50634 /* main.m in Sources */,
				3451893D1E4990D500E50634 /* hasNotNavBarViewController.m in Sources */,
			);
			runOnlyForDeploymentPostprocessing = 0;
		};
/* End PBXSourcesBuildPhase section */

/* Begin PBXVariantGroup section */
		345189271E498FFF00E50634 /* Main.storyboard */ = {
			isa = PBXVariantGroup;
			children = (
				345189281E498FFF00E50634 /* Base */,
			);
			name = Main.storyboard;
			sourceTree = "<group>";
		};
		3451892C1E498FFF00E50634 /* LaunchScreen.storyboard */ = {
			isa = PBXVariantGroup;
			children = (
				3451892D1E498FFF00E50634 /* Base */,
			);
			name = LaunchScreen.storyboard;
			sourceTree = "<group>";
		};
/* End PBXVariantGroup section */

/* Begin XCBuildConfiguration section */
		345189301E498FFF00E50634 /* Debug */ = {
			isa = XCBuildConfiguration;
			buildSettings = {
				ALWAYS_SEARCH_USER_PATHS = NO;
				CLANG_ANALYZER_NONNULL = YES;
				CLANG_CXX_LANGUAGE_STANDARD = "gnu++0x";
				CLANG_CXX_LIBRARY = "libc++";
				CLANG_ENABLE_MODULES = YES;
				CLANG_ENABLE_OBJC_ARC = YES;
				CLANG_WARN_BOOL_CONVERSION = YES;
				CLANG_WARN_CONSTANT_CONVERSION = YES;
				CLANG_WARN_DIRECT_OBJC_ISA_USAGE = YES_ERROR;
				CLANG_WARN_DOCUMENTATION_COMMENTS = YES;
				CLANG_WARN_EMPTY_BODY = YES;
				CLANG_WARN_ENUM_CONVERSION = YES;
				CLANG_WARN_INFINITE_RECURSION = YES;
				CLANG_WARN_INT_CONVERSION = YES;
				CLANG_WARN_OBJC_ROOT_CLASS = YES_ERROR;
				CLANG_WARN_SUSPICIOUS_MOVE = YES;
				CLANG_WARN_UNREACHABLE_CODE = YES;
				CLANG_WARN__DUPLICATE_METHOD_MATCH = YES;
				"CODE_SIGN_IDENTITY[sdk=iphoneos*]" = "iPhone Developer";
				COPY_PHASE_STRIP = NO;
				DEBUG_INFORMATION_FORMAT = dwarf;
				ENABLE_STRICT_OBJC_MSGSEND = YES;
				ENABLE_TESTABILITY = YES;
				GCC_C_LANGUAGE_STANDARD = gnu99;
				GCC_DYNAMIC_NO_PIC = NO;
				GCC_NO_COMMON_BLOCKS = YES;
				GCC_OPTIMIZATION_LEVEL = 0;
				GCC_PREPROCESSOR_DEFINITIONS = (
					"DEBUG=1",
					"$(inherited)",
				);
				GCC_WARN_64_TO_32_BIT_CONVERSION = YES;
				GCC_WARN_ABOUT_RETURN_TYPE = YES_ERROR;
				GCC_WARN_UNDECLARED_SELECTOR = YES;
				GCC_WARN_UNINITIALIZED_AUTOS = YES_AGGRESSIVE;
				GCC_WARN_UNUSED_FUNCTION = YES;
				GCC_WARN_UNUSED_VARIABLE = YES;
				IPHONEOS_DEPLOYMENT_TARGET = 10.2;
				MTL_ENABLE_DEBUG_INFO = YES;
				ONLY_ACTIVE_ARCH = YES;
				SDKROOT = iphoneos;
			};
			name = Debug;
		};
		345189311E498FFF00E50634 /* Release */ = {
			isa = XCBuildConfiguration;
			buildSettings = {
				ALWAYS_SEARCH_USER_PATHS = NO;
				CLANG_ANALYZER_NONNULL = YES;
				CLANG_CXX_LANGUAGE_STANDARD = "gnu++0x";
				CLANG_CXX_LIBRARY = "libc++";
				CLANG_ENABLE_MODULES = YES;
				CLANG_ENABLE_OBJC_ARC = YES;
				CLANG_WARN_BOOL_CONVERSION = YES;
				CLANG_WARN_CONSTANT_CONVERSION = YES;
				CLANG_WARN_DIRECT_OBJC_ISA_USAGE = YES_ERROR;
				CLANG_WARN_DOCUMENTATION_COMMENTS = YES;
				CLANG_WARN_EMPTY_BODY = YES;
				CLANG_WARN_ENUM_CONVERSION = YES;
				CLANG_WARN_INFINITE_RECURSION = YES;
				CLANG_WARN_INT_CONVERSION = YES;
				CLANG_WARN_OBJC_ROOT_CLASS = YES_ERROR;
				CLANG_WARN_SUSPICIOUS_MOVE = YES;
				CLANG_WARN_UNREACHABLE_CODE = YES;
				CLANG_WARN__DUPLICATE_METHOD_MATCH = YES;
				"CODE_SIGN_IDENTITY[sdk=iphoneos*]" = "iPhone Developer";
				COPY_PHASE_STRIP = NO;
				DEBUG_INFORMATION_FORMAT = "dwarf-with-dsym";
				ENABLE_NS_ASSERTIONS = NO;
				ENABLE_STRICT_OBJC_MSGSEND = YES;
				GCC_C_LANGUAGE_STANDARD = gnu99;
				GCC_NO_COMMON_BLOCKS = YES;
				GCC_WARN_64_TO_32_BIT_CONVERSION = YES;
				GCC_WARN_ABOUT_RETURN_TYPE = YES_ERROR;
				GCC_WARN_UNDECLARED_SELECTOR = YES;
				GCC_WARN_UNINITIALIZED_AUTOS = YES_AGGRESSIVE;
				GCC_WARN_UNUSED_FUNCTION = YES;
				GCC_WARN_UNUSED_VARIABLE = YES;
				IPHONEOS_DEPLOYMENT_TARGET = 10.2;
				MTL_ENABLE_DEBUG_INFO = NO;
				SDKROOT = iphoneos;
				VALIDATE_PRODUCT = YES;
			};
			name = Release;
		};
		345189331E498FFF00E50634 /* Debug */ = {
			isa = XCBuildConfiguration;
			buildSettings = {
				ASSETCATALOG_COMPILER_APPICON_NAME = AppIcon;
				INFOPLIST_FILE = test_preferredStatusBarStyle/Info.plist;
				IPHONEOS_DEPLOYMENT_TARGET = 8.0;
				LD_RUNPATH_SEARCH_PATHS = "$(inherited) @executable_path/Frameworks";
				PRODUCT_BUNDLE_IDENTIFIER = "com.test-preferredStatusBarStyle";
				PRODUCT_NAME = "$(TARGET_NAME)";
			};
			name = Debug;
		};
		345189341E498FFF00E50634 /* Release */ = {
			isa = XCBuildConfiguration;
			buildSettings = {
				ASSETCATALOG_COMPILER_APPICON_NAME = AppIcon;
				INFOPLIST_FILE = test_preferredStatusBarStyle/Info.plist;
				IPHONEOS_DEPLOYMENT_TARGET = 8.0;
				LD_RUNPATH_SEARCH_PATHS = "$(inherited) @executable_path/Frameworks";
				PRODUCT_BUNDLE_IDENTIFIER = "com.test-preferredStatusBarStyle";
				PRODUCT_NAME = "$(TARGET_NAME)";
			};
			name = Release;
		};
/* End XCBuildConfiguration section */

/* Begin XCConfigurationList section */
		345189161E498FFF00E50634 /* Build configuration list for PBXProject "test_preferredStatusBarStyle" */ = {
			isa = XCConfigurationList;
			buildConfigurations = (
				345189301E498FFF00E50634 /* Debug */,
				345189311E498FFF00E50634 /* Release */,
			);
			defaultConfigurationIsVisible = 0;
			defaultConfigurationName = Release;
		};
		345189321E498FFF00E50634 /* Build configuration list for PBXNativeTarget "test_preferredStatusBarStyle" */ = {
			isa = XCConfigurationList;
			buildConfigurations = (
				345189331E498FFF00E50634 /* Debug */,
				345189341E498FFF00E50634 /* Release */,
			);
			defaultConfigurationIsVisible = 0;
		};
/* End XCConfigurationList section */
	};
	rootObject = 345189131E498FFF00E50634 /* Project object */;
}
